<?xml version="1.0" encoding="utf-8"?>
<Project ToolsVersion="4.0" xmlns="http://schemas.microsoft.com/developer/msbuild/2003">
  <ItemGroup>
    <ClCompile Include="x64emu.cpp">
      <Filter>Source</Filter>
    </ClCompile>
  </ItemGroup>
  <ItemGroup>
    <None Include="make.bat" />
    <None Include="sources" />
  </ItemGroup>
  <ItemGroup>
    <Filter Include="Headers">
      <UniqueIdentifier>{2c03fbff-672e-40ff-82c7-0210eaeb5c4b}</UniqueIdentifier>
    </Filter>
    <Filter Include="Source">
      <UniqueIdentifier>{6ee0b68c-4064-4369-9a27-b13d57e26a3b}</UniqueIdentifier>
    </Filter>
  </ItemGroup>
  <ItemGroup>
    <ClInclude Include="..\include\opcodemap.h">
      <Filter>Headers</Filter>
    </ClInclude>
    <ClInclude Include="..\include\raisepanic.h">
      <Filter>Headers</Filter>
    </ClInclude>
    <ClInclude Include="..\include\registers.h">
      <Filter>Headers</Filter>
    </ClInclude>
    <ClInclude Include="..\include\x64emu.h">
      <Filter>Headers</Filter>
    </ClInclude>
  </ItemGroup>
</Project>